
Microsoft Visual Studio Solution File, Format Version 10.00
# Visual Studio 2008
Project("{FAE04EC0-301F-11D3-BF4B-00C04F79EFBC}") = "AspNetMvcSample", "AspNetMvcSample\AspNetMvcSample.csproj", "{ECD6D8BF-D6E4-4C70-99D6-33F3A41AC0D0}"
EndProject
Global
	GlobalSection(SolutionConfigurationPlatforms) = preSolution
		Debug|Any CPU = Debug|Any CPU
		Release|Any CPU = Release|Any CPU
	EndGlobalSection
	GlobalSection(ProjectConfigurationPlatforms) = postSolution
		{ECD6D8BF-D6E4-4C70-99D6-33F3A41AC0D0}.Debug|Any CPU.ActiveCfg = Debug|Any CPU
		{ECD6D8BF-D6E4-4C70-99D6-33F3A41AC0D0}.Debug|Any CPU.Build.0 = Debug|Any CPU
		{ECD6D8BF-D6E4-4C70-99D6-33F3A41AC0D0}.Release|Any CPU.ActiveCfg = Release|Any CPU
		{ECD6D8BF-D6E4-4C70-99D6-33F3A41AC0D0}.Release|Any CPU.Build.0 = Release|Any CPU
	EndGlobalSection
	GlobalSection(MonoDevelopProperties) = preSolution
		StartupItem = AspNetMvcSample\AspNetMvcSample.csproj
	EndGlobalSection
EndGlobal
